{
  "name": "usmap",
  "lockfileVersion": 2,
  "requires": true,
  "packages": {
    "": {
      "dependencies": {
        "svg-path-bounds": "^1.0.2",
        "xml2js": "^0.4.23"
      }
    },
    "node_modules/abs-svg-path": {
      "version": "0.1.1",
      "resolved": "https://registry.npmjs.org/abs-svg-path/-/abs-svg-path-0.1.1.tgz",
      "integrity": "sha512-d8XPSGjfyzlXC3Xx891DJRyZfqk5JU0BJrDQcsWomFIV1/BIzPW5HDH5iDdWpqWaav0YVIEzT1RHTwWr0FFshA=="
    },
    "node_modules/is-svg-path": {
      "version": "1.0.2",
      "resolved": "https://registry.npmjs.org/is-svg-path/-/is-svg-path-1.0.2.tgz",
      "integrity": "sha512-Lj4vePmqpPR1ZnRctHv8ltSh1OrSxHkhUkd7wi+VQdcdP15/KvQFyk7LhNuM7ZW0EVbJz8kZLVmL9quLrfq4Kg=="
    },
    "node_modules/normalize-svg-path": {
      "version": "1.1.0",
      "resolved": "https://registry.npmjs.org/normalize-svg-path/-/normalize-svg-path-1.1.0.tgz",
      "integrity": "sha512-r9KHKG2UUeB5LoTouwDzBy2VxXlHsiM6fyLQvnJa0S5hrhzqElH/CH7TUGhT1fVvIYBIKf3OpY4YJ4CK+iaqHg==",
      "dependencies": {
        "svg-arc-to-cubic-bezier": "^3.0.0"
      }
    },
    "node_modules/parse-svg-path": {
      "version": "0.1.2",
      "resolved": "https://registry.npmjs.org/parse-svg-path/-/parse-svg-path-0.1.2.tgz",
      "integrity": "sha512-JyPSBnkTJ0AI8GGJLfMXvKq42cj5c006fnLz6fXy6zfoVjJizi8BNTpu8on8ziI1cKy9d9DGNuY17Ce7wuejpQ=="
    },
    "node_modules/sax": {
      "version": "1.2.4",
      "resolved": "https://registry.npmjs.org/sax/-/sax-1.2.4.tgz",
      "integrity": "sha512-NqVDv9TpANUjFm0N8uM5GxL36UgKi9/atZw+x7YFnQ8ckwFGKrl4xX4yWtrey3UJm5nP1kUbnYgLopqWNSRhWw=="
    },
    "node_modules/svg-arc-to-cubic-bezier": {
      "version": "3.2.0",
      "resolved": "https://registry.npmjs.org/svg-arc-to-cubic-bezier/-/svg-arc-to-cubic-bezier-3.2.0.tgz",
      "integrity": "sha512-djbJ/vZKZO+gPoSDThGNpKDO+o+bAeA4XQKovvkNCqnIS2t+S4qnLAGQhyyrulhCFRl1WWzAp0wUDV8PpTVU3g=="
    },
    "node_modules/svg-path-bounds": {
      "version": "1.0.2",
      "resolved": "https://registry.npmjs.org/svg-path-bounds/-/svg-path-bounds-1.0.2.tgz",
      "integrity": "sha512-H4/uAgLWrppIC0kHsb2/dWUYSmb4GE5UqH06uqWBcg6LBjX2fu0A8+JrO2/FJPZiSsNOKZAhyFFgsLTdYUvSqQ==",
      "dependencies": {
        "abs-svg-path": "^0.1.1",
        "is-svg-path": "^1.0.1",
        "normalize-svg-path": "^1.0.0",
        "parse-svg-path": "^0.1.2"
      }
    },
    "node_modules/xml2js": {
      "version": "0.4.23",
      "resolved": "https://registry.npmjs.org/xml2js/-/xml2js-0.4.23.tgz",
      "integrity": "sha512-ySPiMjM0+pLDftHgXY4By0uswI3SPKLDw/i3UXbnO8M/p28zqexCUoPmQFrYD+/1BzhGJSs2i1ERWKJAtiLrug==",
      "dependencies": {
        "sax": ">=0.6.0",
        "xmlbuilder": "~11.0.0"
      },
      "engines": {
        "node": ">=4.0.0"
      }
    },
    "node_modules/xmlbuilder": {
      "version": "11.0.1",
      "resolved": "https://registry.npmjs.org/xmlbuilder/-/xmlbuilder-11.0.1.tgz",
      "integrity": "sha512-fDlsI/kFEx7gLvbecc0/ohLG50fugQp8ryHzMTuW9vSa1GJ0XYWKnhsUx7oie3G98+r56aTQIUB4kht42R3JvA==",
      "engines": {
        "node": ">=4.0"
      }
    }
  },
  "dependencies": {
    "abs-svg-path": {
      "version": "0.1.1",
      "resolved": "https://registry.npmjs.org/abs-svg-path/-/abs-svg-path-0.1.1.tgz",
      "integrity": "sha512-d8XPSGjfyzlXC3Xx891DJRyZfqk5JU0BJrDQcsWomFIV1/BIzPW5HDH5iDdWpqWaav0YVIEzT1RHTwWr0FFshA=="
    },
    "is-svg-path": {
      "version": "1.0.2",
      "resolved": "https://registry.npmjs.org/is-svg-path/-/is-svg-path-1.0.2.tgz",
      "integrity": "sha512-Lj4vePmqpPR1ZnRctHv8ltSh1OrSxHkhUkd7wi+VQdcdP15/KvQFyk7LhNuM7ZW0EVbJz8kZLVmL9quLrfq4Kg=="
    },
    "normalize-svg-path": {
      "version": "1.1.0",
      "resolved": "https://registry.npmjs.org/normalize-svg-path/-/normalize-svg-path-1.1.0.tgz",
      "integrity": "sha512-r9KHKG2UUeB5LoTouwDzBy2VxXlHsiM6fyLQvnJa0S5hrhzqElH/CH7TUGhT1fVvIYBIKf3OpY4YJ4CK+iaqHg==",
      "requires": {
        "svg-arc-to-cubic-bezier": "^3.0.0"
      }
    },
    "parse-svg-path": {
      "version": "0.1.2",
      "resolved": "https://registry.npmjs.org/parse-svg-path/-/parse-svg-path-0.1.2.tgz",
      "integrity": "sha512-JyPSBnkTJ0AI8GGJLfMXvKq42cj5c006fnLz6fXy6zfoVjJizi8BNTpu8on8ziI1cKy9d9DGNuY17Ce7wuejpQ=="
    },
    "sax": {
      "version": "1.2.4",
      "resolved": "https://registry.npmjs.org/sax/-/sax-1.2.4.tgz",
      "integrity": "sha512-NqVDv9TpANUjFm0N8uM5GxL36UgKi9/atZw+x7YFnQ8ckwFGKrl4xX4yWtrey3UJm5nP1kUbnYgLopqWNSRhWw=="
    },
    "svg-arc-to-cubic-bezier": {
      "version": "3.2.0",
      "resolved": "https://registry.npmjs.org/svg-arc-to-cubic-bezier/-/svg-arc-to-cubic-bezier-3.2.0.tgz",
      "integrity": "sha512-djbJ/vZKZO+gPoSDThGNpKDO+o+bAeA4XQKovvkNCqnIS2t+S4qnLAGQhyyrulhCFRl1WWzAp0wUDV8PpTVU3g=="
    },
    "svg-path-bounds": {
      "version": "1.0.2",
      "resolved": "https://registry.npmjs.org/svg-path-bounds/-/svg-path-bounds-1.0.2.tgz",
      "integrity": "sha512-H4/uAgLWrppIC0kHsb2/dWUYSmb4GE5UqH06uqWBcg6LBjX2fu0A8+JrO2/FJPZiSsNOKZAhyFFgsLTdYUvSqQ==",
      "requires": {
        "abs-svg-path": "^0.1.1",
        "is-svg-path": "^1.0.1",
        "normalize-svg-path": "^1.0.0",
        "parse-svg-path": "^0.1.2"
      }
    },
    "xml2js": {
      "version": "0.4.23",
      "resolved": "https://registry.npmjs.org/xml2js/-/xml2js-0.4.23.tgz",
      "integrity": "sha512-ySPiMjM0+pLDftHgXY4By0uswI3SPKLDw/i3UXbnO8M/p28zqexCUoPmQFrYD+/1BzhGJSs2i1ERWKJAtiLrug==",
      "requires": {
        "sax": ">=0.6.0",
        "xmlbuilder": "~11.0.0"
      }
    },
    "xmlbuilder": {
      "version": "11.0.1",
      "resolved": "https://registry.npmjs.org/xmlbuilder/-/xmlbuilder-11.0.1.tgz",
      "integrity": "sha512-fDlsI/kFEx7gLvbecc0/ohLG50fugQp8ryHzMTuW9vSa1GJ0XYWKnhsUx7oie3G98+r56aTQIUB4kht42R3JvA=="
    }
  }
}
